%{
  "aws_credentials": {:hex, :aws_credentials, "0.1.11", "4d7850f56e6224ef51626e527b3a95643a9a7a6224e4dae466576f4246c8c8d3", [:rebar3], [{:eini, "~> 2.2.3", [hex: :eini_beam, repo: "hexpm", optional: false]}, {:iso8601, "~> 1.3.1", [hex: :iso8601, repo: "hexpm", optional: false]}, {:jsx, "~> 3.0.0", [hex: :jsx, repo: "hexpm", optional: false]}], "hexpm", "e050f8a4b67a280b630597cbf1156607131eebff4afda8d5e0bfbb4b3e9724ef"},
  "aws_signature": {:hex, :aws_signature, "0.3.1", "67f369094cbd55ffa2bbd8cc713ede14b195fcfb45c86665cd7c5ad010276148", [:rebar3], [], "hexpm", "50fc4dc1d1f7c2d0a8c63f455b3c66ecd74c1cf4c915c768a636f9227704a674"},
  "bandit": {:hex, :bandit, "1.1.0", "1414e65916229d4ee0914f6d4e7f8ec16c6f2d90e01ad5174d89e90baa577625", [:mix], [{:hpax, "~> 0.1.1", [hex: :hpax, repo: "hexpm", optional: false]}, {:plug, "~> 1.14", [hex: :plug, repo: "hexpm", optional: false]}, {:telemetry, "~> 0.4 or ~> 1.0", [hex: :telemetry, repo: "hexpm", optional: false]}, {:thousand_island, "~> 1.0", [hex: :thousand_island, repo: "hexpm", optional: false]}, {:websock, "~> 0.5", [hex: :websock, repo: "hexpm", optional: false]}], "hexpm", "4891fb2f48a83445da70a4e949f649a9b4032310f1f640f4a8a372bc91cece18"},
  "castore": {:hex, :castore, "1.0.11", "4bbd584741601eb658007339ea730b082cc61f3554cf2e8f39bf693a11b49073", [:mix], [], "hexpm", "e03990b4db988df56262852f20de0f659871c35154691427a5047f4967a16a62"},
  "decimal": {:hex, :decimal, "2.3.0", "3ad6255aa77b4a3c4f818171b12d237500e63525c2fd056699967a3e7ea20f62", [:mix], [], "hexpm", "a4d66355cb29cb47c3cf30e71329e58361cfcb37c34235ef3bf1d7bf3773aeac"},
  "dialyxir": {:hex, :dialyxir, "1.4.5", "ca1571ac18e0f88d4ab245f0b60fa31ff1b12cbae2b11bd25d207f865e8ae78a", [:mix], [{:erlex, ">= 0.2.7", [hex: :erlex, repo: "hexpm", optional: false]}], "hexpm", "b0fb08bb8107c750db5c0b324fa2df5ceaa0f9307690ee3c1f6ba5b9eb5d35c3"},
  "dns_cluster": {:hex, :dns_cluster, "0.1.1", "73b4b2c3ec692f8a64276c43f8c929733a9ab9ac48c34e4c0b3d9d1b5cd69155", [:mix], [], "hexpm", "03a3f6ff16dcbb53e219b99c7af6aab29eb6b88acf80164b4bd76ac18dc890b3"},
  "earmark_parser": {:hex, :earmark_parser, "1.4.37", "2ad73550e27c8946648b06905a57e4d454e4d7229c2dafa72a0348c99d8be5f7", [:mix], [], "hexpm", "6b19783f2802f039806f375610faa22da130b8edc21209d0bff47918bb48360e"},
  "ecto": {:hex, :ecto, "3.10.3", "eb2ae2eecd210b4eb8bece1217b297ad4ff824b4384c0e3fdd28aaf96edd6135", [:mix], [{:decimal, "~> 1.6 or ~> 2.0", [hex: :decimal, repo: "hexpm", optional: false]}, {:jason, "~> 1.0", [hex: :jason, repo: "hexpm", optional: true]}, {:telemetry, "~> 0.4 or ~> 1.0", [hex: :telemetry, repo: "hexpm", optional: false]}], "hexpm", "44bec74e2364d491d70f7e42cd0d690922659d329f6465e89feb8a34e8cd3433"},
  "eini": {:hex, :eini_beam, "2.2.4", "02143b1dce4dda4243248e7d9b3d8274b8d9f5a666445e3d868e2cce79e4ff22", [:rebar3], [], "hexpm", "12de479d144b19e09bb92ba202a7ea716739929afdf9dff01ad802e2b1508471"},
  "erlex": {:hex, :erlex, "0.2.7", "810e8725f96ab74d17aac676e748627a07bc87eb950d2b83acd29dc047a30595", [:mix], [], "hexpm", "3ed95f79d1a844c3f6bf0cea61e0d5612a42ce56da9c03f01df538685365efb0"},
  "ex_doc": {:hex, :ex_doc, "0.30.9", "d691453495c47434c0f2052b08dd91cc32bc4e1a218f86884563448ee2502dd2", [:mix], [{:earmark_parser, "~> 1.4.31", [hex: :earmark_parser, repo: "hexpm", optional: false]}, {:makeup_elixir, "~> 0.14", [hex: :makeup_elixir, repo: "hexpm", optional: false]}, {:makeup_erlang, "~> 0.1", [hex: :makeup_erlang, repo: "hexpm", optional: false]}], "hexpm", "d7aaaf21e95dc5cddabf89063327e96867d00013963eadf2c6ad135506a8bc10"},
  "finch": {:hex, :finch, "0.19.0", "c644641491ea854fc5c1bbaef36bfc764e3f08e7185e1f084e35e0672241b76d", [:mix], [{:mime, "~> 1.0 or ~> 2.0", [hex: :mime, repo: "hexpm", optional: false]}, {:mint, "~> 1.6.2 or ~> 1.7", [hex: :mint, repo: "hexpm", optional: false]}, {:nimble_options, "~> 0.4 or ~> 1.0", [hex: :nimble_options, repo: "hexpm", optional: false]}, {:nimble_pool, "~> 1.1", [hex: :nimble_pool, repo: "hexpm", optional: false]}, {:telemetry, "~> 0.4 or ~> 1.0", [hex: :telemetry, repo: "hexpm", optional: false]}], "hexpm", "fc5324ce209125d1e2fa0fcd2634601c52a787aff1cd33ee833664a5af4ea2b6"},
  "hpax": {:hex, :hpax, "0.1.2", "09a75600d9d8bbd064cdd741f21fc06fc1f4cf3d0fcc335e5aa19be1a7235c84", [:mix], [], "hexpm", "2c87843d5a23f5f16748ebe77969880e29809580efdaccd615cd3bed628a8c13"},
  "iso8601": {:hex, :iso8601, "1.3.4", "7b1f095f86f6cf65e1e5a77872e8e8bf69bd58d4c3a415b3f77d9cc9423ecbb9", [:rebar3], [], "hexpm", "a334469c07f1c219326bc891a95f5eec8eb12dd8071a3fff56a7843cb20fae34"},
  "jason": {:hex, :jason, "1.4.1", "af1504e35f629ddcdd6addb3513c3853991f694921b1b9368b0bd32beb9f1b63", [:mix], [{:decimal, "~> 1.0 or ~> 2.0", [hex: :decimal, repo: "hexpm", optional: true]}], "hexpm", "fbb01ecdfd565b56261302f7e1fcc27c4fb8f32d56eab74db621fc154604a7a1"},
  "jose": {:hex, :jose, "1.11.6", "613fda82552128aa6fb804682e3a616f4bc15565a048dabd05b1ebd5827ed965", [:mix, :rebar3], [], "hexpm", "6275cb75504f9c1e60eeacb771adfeee4905a9e182103aa59b53fed651ff9738"},
  "jsx": {:hex, :jsx, "3.0.0", "20a170abd4335fc6db24d5fad1e5d677c55dadf83d1b20a8a33b5fe159892a39", [:rebar3], [], "hexpm", "37beca0435f5ca8a2f45f76a46211e76418fbef80c36f0361c249fc75059dc6d"},
  "livebook": {:hex, :livebook, "0.12.1", "abb949957ccfd88e155e9265b14d462a35f7d93d4edcba5f32ef7dbe77e19bc3", [:mix], [{:aws_credentials, "0.1.11", [hex: :aws_credentials, repo: "hexpm", optional: false]}, {:aws_signature, "0.3.1", [hex: :aws_signature, repo: "hexpm", optional: false]}, {:bandit, "1.1.0", [hex: :bandit, repo: "hexpm", optional: false]}, {:dns_cluster, "0.1.1", [hex: :dns_cluster, repo: "hexpm", optional: false]}, {:earmark_parser, "1.4.37", [hex: :earmark_parser, repo: "hexpm", optional: false]}, {:ecto, "3.10.3", [hex: :ecto, repo: "hexpm", optional: false]}, {:jason, "1.4.1", [hex: :jason, repo: "hexpm", optional: false]}, {:jose, "1.11.6", [hex: :jose, repo: "hexpm", optional: false]}, {:mint_web_socket, "1.0.3", [hex: :mint_web_socket, repo: "hexpm", optional: false]}, {:phoenix, "1.7.10", [hex: :phoenix, repo: "hexpm", optional: false]}, {:phoenix_ecto, "4.4.2", [hex: :phoenix_ecto, repo: "hexpm", optional: false]}, {:phoenix_html, "3.3.2", [hex: :phoenix_html, repo: "hexpm", optional: false]}, {:phoenix_live_dashboard, "0.8.2", [hex: :phoenix_live_dashboard, repo: "hexpm", optional: false]}, {:phoenix_live_view, "0.20.2", [hex: :phoenix_live_view, repo: "hexpm", optional: false]}, {:plug_crypto, "2.0.0", [hex: :plug_crypto, repo: "hexpm", optional: false]}, {:protobuf, "0.8.0", [hex: :protobuf, repo: "hexpm", optional: false]}, {:req, "0.4.4", [hex: :req, repo: "hexpm", optional: false]}, {:telemetry_metrics, "0.6.1", [hex: :telemetry_metrics, repo: "hexpm", optional: false]}, {:telemetry_poller, "1.0.0", [hex: :telemetry_poller, repo: "hexpm", optional: false]}], "hexpm", "c364f87ed4b1f25b46587c410c87fc5cdfc6e9ea4fabc602443034b911001b2e"},
  "makeup": {:hex, :makeup, "1.2.1", "e90ac1c65589ef354378def3ba19d401e739ee7ee06fb47f94c687016e3713d1", [:mix], [{:nimble_parsec, "~> 1.4", [hex: :nimble_parsec, repo: "hexpm", optional: false]}], "hexpm", "d36484867b0bae0fea568d10131197a4c2e47056a6fbe84922bf6ba71c8d17ce"},
  "makeup_elixir": {:hex, :makeup_elixir, "0.16.2", "627e84b8e8bf22e60a2579dad15067c755531fea049ae26ef1020cad58fe9578", [:mix], [{:makeup, "~> 1.0", [hex: :makeup, repo: "hexpm", optional: false]}, {:nimble_parsec, "~> 1.2.3 or ~> 1.3", [hex: :nimble_parsec, repo: "hexpm", optional: false]}], "hexpm", "41193978704763f6bbe6cc2758b84909e62984c7752b3784bd3c218bb341706b"},
  "makeup_erlang": {:hex, :makeup_erlang, "0.1.5", "e0ff5a7c708dda34311f7522a8758e23bfcd7d8d8068dc312b5eb41c6fd76eba", [:mix], [{:makeup, "~> 1.0", [hex: :makeup, repo: "hexpm", optional: false]}], "hexpm", "94d2e986428585a21516d7d7149781480013c56e30c6a233534bedf38867a59a"},
  "mime": {:hex, :mime, "2.0.6", "8f18486773d9b15f95f4f4f1e39b710045fa1de891fada4516559967276e4dc2", [:mix], [], "hexpm", "c9945363a6b26d747389aac3643f8e0e09d30499a138ad64fe8fd1d13d9b153e"},
  "mint": {:hex, :mint, "1.6.2", "af6d97a4051eee4f05b5500671d47c3a67dac7386045d87a904126fd4bbcea2e", [:mix], [{:castore, "~> 0.1.0 or ~> 1.0", [hex: :castore, repo: "hexpm", optional: true]}, {:hpax, "~> 0.1.1 or ~> 0.2.0 or ~> 1.0", [hex: :hpax, repo: "hexpm", optional: false]}], "hexpm", "5ee441dffc1892f1ae59127f74afe8fd82fda6587794278d924e4d90ea3d63f9"},
  "mint_web_socket": {:hex, :mint_web_socket, "1.0.3", "aab42fff792a74649916236d0b01f560a0b3f03ca5dea693c230d1c44736b50e", [:mix], [{:mint, ">= 1.4.1 and < 2.0.0-0", [hex: :mint, repo: "hexpm", optional: false]}], "hexpm", "ca3810ca44cc8532e3dce499cc17f958596695d226bb578b2fbb88c09b5954b0"},
  "nimble_options": {:hex, :nimble_options, "1.1.1", "e3a492d54d85fc3fd7c5baf411d9d2852922f66e69476317787a7b2bb000a61b", [:mix], [], "hexpm", "821b2470ca9442c4b6984882fe9bb0389371b8ddec4d45a9504f00a66f650b44"},
  "nimble_parsec": {:hex, :nimble_parsec, "1.4.2", "8efba0122db06df95bfaa78f791344a89352ba04baedd3849593bfce4d0dc1c6", [:mix], [], "hexpm", "4b21398942dda052b403bbe1da991ccd03a053668d147d53fb8c4e0efe09c973"},
  "nimble_pool": {:hex, :nimble_pool, "1.1.0", "bf9c29fbdcba3564a8b800d1eeb5a3c58f36e1e11d7b7fb2e084a643f645f06b", [:mix], [], "hexpm", "af2e4e6b34197db81f7aad230c1118eac993acc0dae6bc83bac0126d4ae0813a"},
  "phoenix": {:hex, :phoenix, "1.7.10", "02189140a61b2ce85bb633a9b6fd02dff705a5f1596869547aeb2b2b95edd729", [:mix], [{:castore, ">= 0.0.0", [hex: :castore, repo: "hexpm", optional: false]}, {:jason, "~> 1.0", [hex: :jason, repo: "hexpm", optional: true]}, {:phoenix_pubsub, "~> 2.1", [hex: :phoenix_pubsub, repo: "hexpm", optional: false]}, {:phoenix_template, "~> 1.0", [hex: :phoenix_template, repo: "hexpm", optional: false]}, {:phoenix_view, "~> 2.0", [hex: :phoenix_view, repo: "hexpm", optional: true]}, {:plug, "~> 1.14", [hex: :plug, repo: "hexpm", optional: false]}, {:plug_cowboy, "~> 2.6", [hex: :plug_cowboy, repo: "hexpm", optional: true]}, {:plug_crypto, "~> 1.2 or ~> 2.0", [hex: :plug_crypto, repo: "hexpm", optional: false]}, {:telemetry, "~> 0.4 or ~> 1.0", [hex: :telemetry, repo: "hexpm", optional: false]}, {:websock_adapter, "~> 0.5.3", [hex: :websock_adapter, repo: "hexpm", optional: false]}], "hexpm", "cf784932e010fd736d656d7fead6a584a4498efefe5b8227e9f383bf15bb79d0"},
  "phoenix_ecto": {:hex, :phoenix_ecto, "4.4.2", "b21bd01fdeffcfe2fab49e4942aa938b6d3e89e93a480d4aee58085560a0bc0d", [:mix], [{:ecto, "~> 3.5", [hex: :ecto, repo: "hexpm", optional: false]}, {:phoenix_html, "~> 2.14.2 or ~> 3.0", [hex: :phoenix_html, repo: "hexpm", optional: true]}, {:plug, "~> 1.9", [hex: :plug, repo: "hexpm", optional: false]}], "hexpm", "70242edd4601d50b69273b057ecf7b684644c19ee750989fd555625ae4ce8f5d"},
  "phoenix_html": {:hex, :phoenix_html, "3.3.2", "d6ce982c6d8247d2fc0defe625255c721fb8d5f1942c5ac051f6177bffa5973f", [:mix], [{:plug, "~> 1.5", [hex: :plug, repo: "hexpm", optional: true]}], "hexpm", "44adaf8e667c1c20fb9d284b6b0fa8dc7946ce29e81ce621860aa7e96de9a11d"},
  "phoenix_live_dashboard": {:hex, :phoenix_live_dashboard, "0.8.2", "b9e33c950d1ed98494bfbde1c34c6e51c8a4214f3bea3f07ca9a510643ee1387", [:mix], [{:ecto, "~> 3.6.2 or ~> 3.7", [hex: :ecto, repo: "hexpm", optional: true]}, {:ecto_mysql_extras, "~> 0.5", [hex: :ecto_mysql_extras, repo: "hexpm", optional: true]}, {:ecto_psql_extras, "~> 0.7", [hex: :ecto_psql_extras, repo: "hexpm", optional: true]}, {:ecto_sqlite3_extras, "~> 1.1.7 or ~> 1.2.0", [hex: :ecto_sqlite3_extras, repo: "hexpm", optional: true]}, {:mime, "~> 1.6 or ~> 2.0", [hex: :mime, repo: "hexpm", optional: false]}, {:phoenix_live_view, "~> 0.19 or ~> 1.0", [hex: :phoenix_live_view, repo: "hexpm", optional: false]}, {:telemetry_metrics, "~> 0.6 or ~> 1.0", [hex: :telemetry_metrics, repo: "hexpm", optional: false]}], "hexpm", "67a598441b5f583d301a77e0298719f9654887d3d8bf14e80ff0b6acf887ef90"},
  "phoenix_live_view": {:hex, :phoenix_live_view, "0.20.2", "025391424257d6c1ed2fab5c9fb11b1e5b21a8b47a416659b9a36492217dd5cb", [:mix], [{:jason, "~> 1.0", [hex: :jason, repo: "hexpm", optional: true]}, {:phoenix, "~> 1.6.15 or ~> 1.7.0", [hex: :phoenix, repo: "hexpm", optional: false]}, {:phoenix_html, "~> 3.3 or ~> 4.0", [hex: :phoenix_html, repo: "hexpm", optional: false]}, {:phoenix_template, "~> 1.0", [hex: :phoenix_template, repo: "hexpm", optional: false]}, {:phoenix_view, "~> 2.0", [hex: :phoenix_view, repo: "hexpm", optional: true]}, {:plug, "~> 1.15", [hex: :plug, repo: "hexpm", optional: false]}, {:telemetry, "~> 0.4.2 or ~> 1.0", [hex: :telemetry, repo: "hexpm", optional: false]}], "hexpm", "381c7f8a5702be838a6bf440a59ea010b458018e1a85cc432e8628641c00f07a"},
  "phoenix_pubsub": {:hex, :phoenix_pubsub, "2.1.3", "3168d78ba41835aecad272d5e8cd51aa87a7ac9eb836eabc42f6e57538e3731d", [:mix], [], "hexpm", "bba06bc1dcfd8cb086759f0edc94a8ba2bc8896d5331a1e2c2902bf8e36ee502"},
  "phoenix_template": {:hex, :phoenix_template, "1.0.4", "e2092c132f3b5e5b2d49c96695342eb36d0ed514c5b252a77048d5969330d639", [:mix], [{:phoenix_html, "~> 2.14.2 or ~> 3.0 or ~> 4.0", [hex: :phoenix_html, repo: "hexpm", optional: true]}], "hexpm", "2c0c81f0e5c6753faf5cca2f229c9709919aba34fab866d3bc05060c9c444206"},
  "plug": {:hex, :plug, "1.16.1", "40c74619c12f82736d2214557dedec2e9762029b2438d6d175c5074c933edc9d", [:mix], [{:mime, "~> 1.0 or ~> 2.0", [hex: :mime, repo: "hexpm", optional: false]}, {:plug_crypto, "~> 1.1.1 or ~> 1.2 or ~> 2.0", [hex: :plug_crypto, repo: "hexpm", optional: false]}, {:telemetry, "~> 0.4.3 or ~> 1.0", [hex: :telemetry, repo: "hexpm", optional: false]}], "hexpm", "a13ff6b9006b03d7e33874945b2755253841b238c34071ed85b0e86057f8cddc"},
  "plug_crypto": {:hex, :plug_crypto, "2.0.0", "77515cc10af06645abbfb5e6ad7a3e9714f805ae118fa1a70205f80d2d70fe73", [:mix], [], "hexpm", "53695bae57cc4e54566d993eb01074e4d894b65a3766f1c43e2c61a1b0f45ea9"},
  "protobuf": {:hex, :protobuf, "0.8.0", "61b27d6fd50e7b1b2eb0ee17c1f639906121f4ef965ae0994644eb4c68d4647d", [:mix], [{:jason, "~> 1.2", [hex: :jason, repo: "hexpm", optional: true]}], "hexpm", "3644ed846fd6f5e3b5c2cd617aa8344641e230edf812a45365fee7622bccd25a"},
  "req": {:hex, :req, "0.4.4", "a17b6bec956c9af4f08b5d8e8a6fc6e4edf24ccc0ac7bf363a90bba7a0f0138c", [:mix], [{:brotli, "~> 0.3.1", [hex: :brotli, repo: "hexpm", optional: true]}, {:ezstd, "~> 1.0", [hex: :ezstd, repo: "hexpm", optional: true]}, {:finch, "~> 0.9", [hex: :finch, repo: "hexpm", optional: false]}, {:jason, "~> 1.0", [hex: :jason, repo: "hexpm", optional: false]}, {:mime, "~> 1.6 or ~> 2.0", [hex: :mime, repo: "hexpm", optional: false]}, {:nimble_csv, "~> 1.0", [hex: :nimble_csv, repo: "hexpm", optional: true]}, {:plug, "~> 1.0", [hex: :plug, repo: "hexpm", optional: true]}], "hexpm", "2618c0493444fee927d12073afb42e9154e766b3f4448e1011f0d3d551d1a011"},
  "table": {:hex, :table, "0.1.2", "87ad1125f5b70c5dea0307aa633194083eb5182ec537efc94e96af08937e14a8", [:mix], [], "hexpm", "7e99bc7efef806315c7e65640724bf165c3061cdc5d854060f74468367065029"},
  "telemetry": {:hex, :telemetry, "1.3.0", "fedebbae410d715cf8e7062c96a1ef32ec22e764197f70cda73d82778d61e7a2", [:rebar3], [], "hexpm", "7015fc8919dbe63764f4b4b87a95b7c0996bd539e0d499be6ec9d7f3875b79e6"},
  "telemetry_metrics": {:hex, :telemetry_metrics, "0.6.1", "315d9163a1d4660aedc3fee73f33f1d355dcc76c5c3ab3d59e76e3edf80eef1f", [:mix], [{:telemetry, "~> 0.4 or ~> 1.0", [hex: :telemetry, repo: "hexpm", optional: false]}], "hexpm", "7be9e0871c41732c233be71e4be11b96e56177bf15dde64a8ac9ce72ac9834c6"},
  "telemetry_poller": {:hex, :telemetry_poller, "1.0.0", "db91bb424e07f2bb6e73926fcafbfcbcb295f0193e0a00e825e589a0a47e8453", [:rebar3], [{:telemetry, "~> 1.0", [hex: :telemetry, repo: "hexpm", optional: false]}], "hexpm", "b3a24eafd66c3f42da30fc3ca7dda1e9d546c12250a2d60d7b81d264fbec4f6e"},
  "thousand_island": {:hex, :thousand_island, "1.3.9", "095db3e2650819443e33237891271943fad3b7f9ba341073947581362582ab5a", [:mix], [{:telemetry, "~> 0.4 or ~> 1.0", [hex: :telemetry, repo: "hexpm", optional: false]}], "hexpm", "25ab4c07badadf7f87adb4ab414e0ed374e5f19e72503aa85132caa25776e54f"},
  "vega_lite": {:hex, :vega_lite, "0.1.11", "2b261d21618f6fa9f63bb4542f0262982d2e40aea3f83e935788fe172902b3c2", [:mix], [{:table, "~> 0.1.0", [hex: :table, repo: "hexpm", optional: false]}], "hexpm", "d18c3f11369c14bdf36ab53010c06bf5505c221cbcb32faac7420cf6926b3c50"},
  "websock": {:hex, :websock, "0.5.3", "2f69a6ebe810328555b6fe5c831a851f485e303a7c8ce6c5f675abeb20ebdadc", [:mix], [], "hexpm", "6105453d7fac22c712ad66fab1d45abdf049868f253cf719b625151460b8b453"},
  "websock_adapter": {:hex, :websock_adapter, "0.5.8", "3b97dc94e407e2d1fc666b2fb9acf6be81a1798a2602294aac000260a7c4a47d", [:mix], [{:bandit, ">= 0.6.0", [hex: :bandit, repo: "hexpm", optional: true]}, {:plug, "~> 1.14", [hex: :plug, repo: "hexpm", optional: false]}, {:plug_cowboy, "~> 2.6", [hex: :plug_cowboy, repo: "hexpm", optional: true]}, {:websock, "~> 0.5", [hex: :websock, repo: "hexpm", optional: false]}], "hexpm", "315b9a1865552212b5f35140ad194e67ce31af45bcee443d4ecb96b5fd3f3782"},
}
